
Microsoft Visual Studio Solution File, Format Version 12.00
# Visual Studio Version 16
VisualStudioVersion = 16.0.33529.622
MinimumVisualStudioVersion = 10.0.40219.1
Project("{FAE04EC0-301F-11D3-BF4B-00C04F79EFBC}") = "Cat_Leshukov", "Cat_Leshukov.csproj", "{F4936EE6-8AA4-49FA-A89A-0E29325C625B}"
EndProject
Global
	GlobalSection(SolutionConfigurationPlatforms) = preSolution
		Debug|Any CPU = Debug|Any CPU
		Release|Any CPU = Release|Any CPU
	EndGlobalSection
	GlobalSection(ProjectConfigurationPlatforms) = postSolution
		{F4936EE6-8AA4-49FA-A89A-0E29325C625B}.Debug|Any CPU.ActiveCfg = Debug|Any CPU
		{F4936EE6-8AA4-49FA-A89A-0E29325C625B}.Debug|Any CPU.Build.0 = Debug|Any CPU
		{F4936EE6-8AA4-49FA-A89A-0E29325C625B}.Release|Any CPU.ActiveCfg = Release|Any CPU
		{F4936EE6-8AA4-49FA-A89A-0E29325C625B}.Release|Any CPU.Build.0 = Release|Any CPU
	EndGlobalSection
	GlobalSection(SolutionProperties) = preSolution
		HideSolutionNode = FALSE
	EndGlobalSection
	GlobalSection(ExtensibilityGlobals) = postSolution
		SolutionGuid = {FC04E747-067E-4864-88F7-76CB553FC2C8}
	EndGlobalSection
EndGlobal
